{
    "_meta": {
        "hash": {
            "sha256": "e722112e9fe70f063e7dee552a9d3a7967d1836f4ad743b30536eb104ff45305"
        },
        "pipfile-spec": 6,
        "requires": {
            "python_version": "3.12"
        },
        "sources": [
            {
                "name": "pypi",
                "url": "https://pypi.org/simple",
                "verify_ssl": true
            }
        ]
    },
    "default": {
        "unoconv": {
            "hashes": [
                "sha256:227ecb6d9c98d66318b960dbed6466afc35f886d235ad465f33a7130dd09c80b",
                "sha256:308ebfd98e67d898834876348b27caf41470cd853fbe2681cc7dacd8fd5e6031"
            ],
            "index": "pypi",
            "version": "==0.9.0"
        }
    },
    "develop": {}
}
